
Microsoft Visual Studio Solution File, Format Version 12.00
# Visual Studio Version 16
VisualStudioVersion = 16.0.32126.315
MinimumVisualStudioVersion = 10.0.40219.1
Project("{FAE04EC0-301F-11D3-BF4B-00C04F79EFBC}") = "project_CinemaManager", "project_CinemaManager\project_CinemaManager.csproj", "{3AEA6F7D-1663-44E8-917E-AFB0511086EF}"
EndProject
Global
	GlobalSection(SolutionConfigurationPlatforms) = preSolution
		Debug|Any CPU = Debug|Any CPU
		Release|Any CPU = Release|Any CPU
	EndGlobalSection
	GlobalSection(ProjectConfigurationPlatforms) = postSolution
		{3AEA6F7D-1663-44E8-917E-AFB0511086EF}.Debug|Any CPU.ActiveCfg = Debug|Any CPU
		{3AEA6F7D-1663-44E8-917E-AFB0511086EF}.Debug|Any CPU.Build.0 = Debug|Any CPU
		{3AEA6F7D-1663-44E8-917E-AFB0511086EF}.Release|Any CPU.ActiveCfg = Release|Any CPU
		{3AEA6F7D-1663-44E8-917E-AFB0511086EF}.Release|Any CPU.Build.0 = Release|Any CPU
	EndGlobalSection
	GlobalSection(SolutionProperties) = preSolution
		HideSolutionNode = FALSE
	EndGlobalSection
	GlobalSection(ExtensibilityGlobals) = postSolution
		SolutionGuid = {7947D5D7-916F-495F-AC73-E7A551A99F1C}
	EndGlobalSection
EndGlobal
